
Microsoft Visual Studio Solution File, Format Version 11.00
# Visual Studio 2010
Project("{FAE04EC0-301F-11D3-BF4B-00C04F79EFBC}") = "LeapMotionPC", "Assembly-CSharp.csproj", "{0DBD8ED3-8AD4-BF2D-52A2-1B3F7FDC2F6A}"
EndProject
Project("{FAE04EC0-301F-11D3-BF4B-00C04F79EFBC}") = "LeapMotionPC", "Assembly-CSharp-Editor.csproj", "{2D4D946B-2804-E5B3-1D0A-356BF13835A8}"
EndProject
Global
	GlobalSection(SolutionConfigurationPlatforms) = preSolution
		Debug|Any CPU = Debug|Any CPU
		Release|Any CPU = Release|Any CPU
	EndGlobalSection
	GlobalSection(ProjectConfigurationPlatforms) = postSolution
		{0DBD8ED3-8AD4-BF2D-52A2-1B3F7FDC2F6A}.Debug|Any CPU.ActiveCfg = Debug|Any CPU
		{0DBD8ED3-8AD4-BF2D-52A2-1B3F7FDC2F6A}.Debug|Any CPU.Build.0 = Debug|Any CPU
		{0DBD8ED3-8AD4-BF2D-52A2-1B3F7FDC2F6A}.Release|Any CPU.ActiveCfg = Release|Any CPU
		{0DBD8ED3-8AD4-BF2D-52A2-1B3F7FDC2F6A}.Release|Any CPU.Build.0 = Release|Any CPU
		{2D4D946B-2804-E5B3-1D0A-356BF13835A8}.Debug|Any CPU.ActiveCfg = Debug|Any CPU
		{2D4D946B-2804-E5B3-1D0A-356BF13835A8}.Debug|Any CPU.Build.0 = Debug|Any CPU
		{2D4D946B-2804-E5B3-1D0A-356BF13835A8}.Release|Any CPU.ActiveCfg = Release|Any CPU
		{2D4D946B-2804-E5B3-1D0A-356BF13835A8}.Release|Any CPU.Build.0 = Release|Any CPU
	EndGlobalSection
	GlobalSection(SolutionProperties) = preSolution
		HideSolutionNode = FALSE
	EndGlobalSection
	GlobalSection(MonoDevelopProperties) = preSolution
		StartupItem = Assembly-CSharp.csproj
	EndGlobalSection
EndGlobal
