
Microsoft Visual Studio Solution File, Format Version 11.00
# Visual Studio 2010
Project("{FAE04EC0-301F-11D3-BF4B-00C04F79EFBC}") = "usnPCLeapRemote", "Assembly-CSharp.csproj", "{700A9199-EC85-3FF2-373B-9EC4C7879684}"
EndProject
Project("{FAE04EC0-301F-11D3-BF4B-00C04F79EFBC}") = "usnPCLeapRemote", "Assembly-CSharp-Editor.csproj", "{D6854010-70FE-BB0C-483C-413F364300B4}"
EndProject
Global
	GlobalSection(SolutionConfigurationPlatforms) = preSolution
		Debug|Any CPU = Debug|Any CPU
		Release|Any CPU = Release|Any CPU
	EndGlobalSection
	GlobalSection(ProjectConfigurationPlatforms) = postSolution
		{700A9199-EC85-3FF2-373B-9EC4C7879684}.Debug|Any CPU.ActiveCfg = Debug|Any CPU
		{700A9199-EC85-3FF2-373B-9EC4C7879684}.Debug|Any CPU.Build.0 = Debug|Any CPU
		{700A9199-EC85-3FF2-373B-9EC4C7879684}.Release|Any CPU.ActiveCfg = Release|Any CPU
		{700A9199-EC85-3FF2-373B-9EC4C7879684}.Release|Any CPU.Build.0 = Release|Any CPU
		{D6854010-70FE-BB0C-483C-413F364300B4}.Debug|Any CPU.ActiveCfg = Debug|Any CPU
		{D6854010-70FE-BB0C-483C-413F364300B4}.Debug|Any CPU.Build.0 = Debug|Any CPU
		{D6854010-70FE-BB0C-483C-413F364300B4}.Release|Any CPU.ActiveCfg = Release|Any CPU
		{D6854010-70FE-BB0C-483C-413F364300B4}.Release|Any CPU.Build.0 = Release|Any CPU
	EndGlobalSection
	GlobalSection(SolutionProperties) = preSolution
		HideSolutionNode = FALSE
	EndGlobalSection
	GlobalSection(MonoDevelopProperties) = preSolution
		StartupItem = Assembly-CSharp.csproj
	EndGlobalSection
EndGlobal
